// !$*UTF8*$!
{
	archiveVersion = 1;
	classes = {
	};
	objectVersion = 51;
	objects = {

/* Begin PBXBuildFile section */
		3884B174240721BA008BDD32 /* AppDelegate.swift in Sources */ = {isa = PBXBuildFile; fileRef = 3884B173240721BA008BDD32 /* AppDelegate.swift */; };
		3884B176240721BA008BDD32 /* SceneDelegate.swift in Sources */ = {isa = PBXBuildFile; fileRef = 3884B175240721BA008BDD32 /* SceneDelegate.swift */; };
		3884B178240721BA008BDD32 /* MoviesViewController.swift in Sources */ = {isa = PBXBuildFile; fileRef = 3884B177240721BA008BDD32 /* MoviesViewController.swift */; };
		3884B17B240721BA008BDD32 /* Main.storyboard in Resources */ = {isa = PBXBuildFile; fileRef = 3884B179240721BA008BDD32 /* Main.storyboard */; };
		3884B17D240721BC008BDD32 /* Assets.xcassets in Resources */ = {isa = PBXBuildFile; fileRef = 3884B17C240721BC008BDD32 /* Assets.xcassets */; };
		3884B180240721BC008BDD32 /* LaunchScreen.storyboard in Resources */ = {isa = PBXBuildFile; fileRef = 3884B17E240721BC008BDD32 /* LaunchScreen.storyboard */; };
		38A835B92416E3180074215E /* ProfileViewController.swift in Sources */ = {isa = PBXBuildFile; fileRef = 38A835B82416E3180074215E /* ProfileViewController.swift */; };
		38E5B5D42417116A00B93221 /* AuthenticateViewController.swift in Sources */ = {isa = PBXBuildFile; fileRef = 38E5B5D32417116A00B93221 /* AuthenticateViewController.swift */; };
		38E5B5D6241717DA00B93221 /* APICaller.swift in Sources */ = {isa = PBXBuildFile; fileRef = 38E5B5D5241717DA00B93221 /* APICaller.swift */; };
		A433FE5730DB61A374164EE5 /* Pods_WatchThis.framework in Frameworks */ = {isa = PBXBuildFile; fileRef = 1387299142AFEB5AFBD792C0 /* Pods_WatchThis.framework */; };
/* End PBXBuildFile section */

/* Begin PBXFileReference section */
		1387299142AFEB5AFBD792C0 /* Pods_WatchThis.framework */ = {isa = PBXFileReference; explicitFileType = wrapper.framework; includeInIndex = 0; path = Pods_WatchThis.framework; sourceTree = BUILT_PRODUCTS_DIR; };
		3030BFD225E960F9A678AE39 /* Pods-WatchThis.release.xcconfig */ = {isa = PBXFileReference; includeInIndex = 1; lastKnownFileType = text.xcconfig; name = "Pods-WatchThis.release.xcconfig"; path = "Target Support Files/Pods-WatchThis/Pods-WatchThis.release.xcconfig"; sourceTree = "<group>"; };
		342456B6B237F9591AE1C847 /* Pods-WatchThis.debug.xcconfig */ = {isa = PBXFileReference; includeInIndex = 1; lastKnownFileType = text.xcconfig; name = "Pods-WatchThis.debug.xcconfig"; path = "Target Support Files/Pods-WatchThis/Pods-WatchThis.debug.xcconfig"; sourceTree = "<group>"; };
		3884B170240721BA008BDD32 /* WatchThis.app */ = {isa = PBXFileReference; explicitFileType = wrapper.application; includeInIndex = 0; path = WatchThis.app; sourceTree = BUILT_PRODUCTS_DIR; };
		3884B173240721BA008BDD32 /* AppDelegate.swift */ = {isa = PBXFileReference; lastKnownFileType = sourcecode.swift; path = AppDelegate.swift; sourceTree = "<group>"; };
		3884B175240721BA008BDD32 /* SceneDelegate.swift */ = {isa = PBXFileReference; lastKnownFileType = sourcecode.swift; path = SceneDelegate.swift; sourceTree = "<group>"; };
		3884B177240721BA008BDD32 /* MoviesViewController.swift */ = {isa = PBXFileReference; lastKnownFileType = sourcecode.swift; path = MoviesViewController.swift; sourceTree = "<group>"; };
		3884B17A240721BA008BDD32 /* Base */ = {isa = PBXFileReference; lastKnownFileType = file.storyboard; name = Base; path = Base.lproj/Main.storyboard; sourceTree = "<group>"; };
		3884B17C240721BC008BDD32 /* Assets.xcassets */ = {isa = PBXFileReference; lastKnownFileType = folder.assetcatalog; path = Assets.xcassets; sourceTree = "<group>"; };
		3884B17F240721BC008BDD32 /* Base */ = {isa = PBXFileReference; lastKnownFileType = file.storyboard; name = Base; path = Base.lproj/LaunchScreen.storyboard; sourceTree = "<group>"; };
		3884B181240721BC008BDD32 /* Info.plist */ = {isa = PBXFileReference; lastKnownFileType = text.plist.xml; path = Info.plist; sourceTree = "<group>"; };
		38A835B82416E3180074215E /* ProfileViewController.swift */ = {isa = PBXFileReference; lastKnownFileType = sourcecode.swift; path = ProfileViewController.swift; sourceTree = "<group>"; };
		38E5B5D32417116A00B93221 /* AuthenticateViewController.swift */ = {isa = PBXFileReference; lastKnownFileType = sourcecode.swift; path = AuthenticateViewController.swift; sourceTree = "<group>"; };
		38E5B5D5241717DA00B93221 /* APICaller.swift */ = {isa = PBXFileReference; lastKnownFileType = sourcecode.swift; path = APICaller.swift; sourceTree = "<group>"; };
/* End PBXFileReference section */

/* Begin PBXFrameworksBuildPhase section */
		3884B16D240721BA008BDD32 /* Frameworks */ = {
			isa = PBXFrameworksBuildPhase;
			buildActionMask = 2147483647;
			files = (
				A433FE5730DB61A374164EE5 /* Pods_WatchThis.framework in Frameworks */,
			);
			runOnlyForDeploymentPostprocessing = 0;
		};
/* End PBXFrameworksBuildPhase section */

/* Begin PBXGroup section */
		331B7B809D49580CAD04F10C /* Pods */ = {
			isa = PBXGroup;
			children = (
				342456B6B237F9591AE1C847 /* Pods-WatchThis.debug.xcconfig */,
				3030BFD225E960F9A678AE39 /* Pods-WatchThis.release.xcconfig */,
			);
			path = Pods;
			sourceTree = "<group>";
		};
		3884B167240721BA008BDD32 = {
			isa = PBXGroup;
			children = (
				3884B172240721BA008BDD32 /* WatchThis */,
				3884B171240721BA008BDD32 /* Products */,
				331B7B809D49580CAD04F10C /* Pods */,
				512E39393092B5917B5F46AA /* Frameworks */,
			);
			sourceTree = "<group>";
		};
		3884B171240721BA008BDD32 /* Products */ = {
			isa = PBXGroup;
			children = (
				3884B170240721BA008BDD32 /* WatchThis.app */,
			);
			name = Products;
			sourceTree = "<group>";
		};
		3884B172240721BA008BDD32 /* WatchThis */ = {
			isa = PBXGroup;
			children = (
				3884B173240721BA008BDD32 /* AppDelegate.swift */,
				3884B175240721BA008BDD32 /* SceneDelegate.swift */,
				38A835BA2416E34F0074215E /* View Controllers */,
				3884B179240721BA008BDD32 /* Main.storyboard */,
				3884B17C240721BC008BDD32 /* Assets.xcassets */,
				3884B17E240721BC008BDD32 /* LaunchScreen.storyboard */,
				3884B181240721BC008BDD32 /* Info.plist */,
			);
			path = WatchThis;
			sourceTree = "<group>";
		};
		38A835BA2416E34F0074215E /* View Controllers */ = {
			isa = PBXGroup;
			children = (
				3884B177240721BA008BDD32 /* MoviesViewController.swift */,
				38A835B82416E3180074215E /* ProfileViewController.swift */,
				38E5B5D32417116A00B93221 /* AuthenticateViewController.swift */,
				38E5B5D5241717DA00B93221 /* APICaller.swift */,
			);
			path = "View Controllers";
			sourceTree = "<group>";
		};
		512E39393092B5917B5F46AA /* Frameworks */ = {
			isa = PBXGroup;
			children = (
				1387299142AFEB5AFBD792C0 /* Pods_WatchThis.framework */,
			);
			name = Frameworks;
			sourceTree = "<group>";
		};
/* End PBXGroup section */

/* Begin PBXNativeTarget section */
		3884B16F240721BA008BDD32 /* WatchThis */ = {
			isa = PBXNativeTarget;
			buildConfigurationList = 3884B184240721BC008BDD32 /* Build configuration list for PBXNativeTarget "WatchThis" */;
			buildPhases = (
				D08AD098E20F1705313C7EA9 /* [CP] Check Pods Manifest.lock */,
				3884B16C240721BA008BDD32 /* Sources */,
				3884B16D240721BA008BDD32 /* Frameworks */,
				3884B16E240721BA008BDD32 /* Resources */,
				1F9A4784B4007969316875EE /* [CP] Embed Pods Frameworks */,
			);
			buildRules = (
			);
			dependencies = (
			);
			name = WatchThis;
			productName = WatchThis;
			productReference = 3884B170240721BA008BDD32 /* WatchThis.app */;
			productType = "com.apple.product-type.application";
		};
/* End PBXNativeTarget section */

/* Begin PBXProject section */
		3884B168240721BA008BDD32 /* Project object */ = {
			isa = PBXProject;
			attributes = {
				LastSwiftUpdateCheck = 1130;
				LastUpgradeCheck = 1130;
				ORGANIZATIONNAME = "Tech Knowns";
				TargetAttributes = {
					3884B16F240721BA008BDD32 = {
						CreatedOnToolsVersion = 11.3.1;
					};
				};
			};
			buildConfigurationList = 3884B16B240721BA008BDD32 /* Build configuration list for PBXProject "WatchThis" */;
			compatibilityVersion = "Xcode 9.3";
			developmentRegion = en;
			hasScannedForEncodings = 0;
			knownRegions = (
				en,
				Base,
			);
			mainGroup = 3884B167240721BA008BDD32;
			productRefGroup = 3884B171240721BA008BDD32 /* Products */;
			projectDirPath = "";
			projectRoot = "";
			targets = (
				3884B16F240721BA008BDD32 /* WatchThis */,
			);
		};
/* End PBXProject section */

/* Begin PBXResourcesBuildPhase section */
		3884B16E240721BA008BDD32 /* Resources */ = {
			isa = PBXResourcesBuildPhase;
			buildActionMask = 2147483647;
			files = (
				3884B180240721BC008BDD32 /* LaunchScreen.storyboard in Resources */,
				3884B17D240721BC008BDD32 /* Assets.xcassets in Resources */,
				3884B17B240721BA008BDD32 /* Main.storyboard in Resources */,
			);
			runOnlyForDeploymentPostprocessing = 0;
		};
/* End PBXResourcesBuildPhase section */

/* Begin PBXShellScriptBuildPhase section */
		1F9A4784B4007969316875EE /* [CP] Embed Pods Frameworks */ = {
			isa = PBXShellScriptBuildPhase;
			buildActionMask = 2147483647;
			files = (
			);
			inputFileListPaths = (
				"${PODS_ROOT}/Target Support Files/Pods-WatchThis/Pods-WatchThis-frameworks-${CONFIGURATION}-input-files.xcfilelist",
			);
			name = "[CP] Embed Pods Frameworks";
			outputFileListPaths = (
				"${PODS_ROOT}/Target Support Files/Pods-WatchThis/Pods-WatchThis-frameworks-${CONFIGURATION}-output-files.xcfilelist",
			);
			runOnlyForDeploymentPostprocessing = 0;
			shellPath = /bin/sh;
			shellScript = "\"${PODS_ROOT}/Target Support Files/Pods-WatchThis/Pods-WatchThis-frameworks.sh\"\n";
			showEnvVarsInLog = 0;
		};
		D08AD098E20F1705313C7EA9 /* [CP] Check Pods Manifest.lock */ = {
			isa = PBXShellScriptBuildPhase;
			buildActionMask = 2147483647;
			files = (
			);
			inputFileListPaths = (
			);
			inputPaths = (
				"${PODS_PODFILE_DIR_PATH}/Podfile.lock",
				"${PODS_ROOT}/Manifest.lock",
			);
			name = "[CP] Check Pods Manifest.lock";
			outputFileListPaths = (
			);
			outputPaths = (
				"$(DERIVED_FILE_DIR)/Pods-WatchThis-checkManifestLockResult.txt",
			);
			runOnlyForDeploymentPostprocessing = 0;
			shellPath = /bin/sh;
			shellScript = "diff \"${PODS_PODFILE_DIR_PATH}/Podfile.lock\" \"${PODS_ROOT}/Manifest.lock\" > /dev/null\nif [ $? != 0 ] ; then\n    # print error to STDERR\n    echo \"error: The sandbox is not in sync with the Podfile.lock. Run 'pod install' or update your CocoaPods installation.\" >&2\n    exit 1\nfi\n# This output is used by Xcode 'outputs' to avoid re-running this script phase.\necho \"SUCCESS\" > \"${SCRIPT_OUTPUT_FILE_0}\"\n";
			showEnvVarsInLog = 0;
		};
/* End PBXShellScriptBuildPhase section */

/* Begin PBXSourcesBuildPhase section */
		3884B16C240721BA008BDD32 /* Sources */ = {
			isa = PBXSourcesBuildPhase;
			buildActionMask = 2147483647;
			files = (
				3884B178240721BA008BDD32 /* MoviesViewController.swift in Sources */,
				38E5B5D6241717DA00B93221 /* APICaller.swift in Sources */,
				3884B174240721BA008BDD32 /* AppDelegate.swift in Sources */,
				38A835B92416E3180074215E /* ProfileViewController.swift in Sources */,
				3884B176240721BA008BDD32 /* SceneDelegate.swift in Sources */,
				38E5B5D42417116A00B93221 /* AuthenticateViewController.swift in Sources */,
			);
			runOnlyForDeploymentPostprocessing = 0;
		};
/* End PBXSourcesBuildPhase section */

/* Begin PBXVariantGroup section */
		3884B179240721BA008BDD32 /* Main.storyboard */ = {
			isa = PBXVariantGroup;
			children = (
				3884B17A240721BA008BDD32 /* Base */,
			);
			name = Main.storyboard;
			sourceTree = "<group>";
		};
		3884B17E240721BC008BDD32 /* LaunchScreen.storyboard */ = {
			isa = PBXVariantGroup;
			children = (
				3884B17F240721BC008BDD32 /* Base */,
			);
			name = LaunchScreen.storyboard;
			sourceTree = "<group>";
		};
/* End PBXVariantGroup section */

/* Begin XCBuildConfiguration section */
		3884B182240721BC008BDD32 /* Debug */ = {
			isa = XCBuildConfiguration;
			buildSettings = {
				ALWAYS_SEARCH_USER_PATHS = NO;
				CLANG_ANALYZER_NONNULL = YES;
				CLANG_ANALYZER_NUMBER_OBJECT_CONVERSION = YES_AGGRESSIVE;
				CLANG_CXX_LANGUAGE_STANDARD = "gnu++14";
				CLANG_CXX_LIBRARY = "libc++";
				CLANG_ENABLE_MODULES = YES;
				CLANG_ENABLE_OBJC_ARC = YES;
				CLANG_ENABLE_OBJC_WEAK = YES;
				CLANG_WARN_BLOCK_CAPTURE_AUTORELEASING = YES;
				CLANG_WARN_BOOL_CONVERSION = YES;
				CLANG_WARN_COMMA = YES;
				CLANG_WARN_CONSTANT_CONVERSION = YES;
				CLANG_WARN_DEPRECATED_OBJC_IMPLEMENTATIONS = YES;
				CLANG_WARN_DIRECT_OBJC_ISA_USAGE = YES_ERROR;
				CLANG_WARN_DOCUMENTATION_COMMENTS = YES;
				CLANG_WARN_EMPTY_BODY = YES;
				CLANG_WARN_ENUM_CONVERSION = YES;
				CLANG_WARN_INFINITE_RECURSION = YES;
				CLANG_WARN_INT_CONVERSION = YES;
				CLANG_WARN_NON_LITERAL_NULL_CONVERSION = YES;
				CLANG_WARN_OBJC_IMPLICIT_RETAIN_SELF = YES;
				CLANG_WARN_OBJC_LITERAL_CONVERSION = YES;
				CLANG_WARN_OBJC_ROOT_CLASS = YES_ERROR;
				CLANG_WARN_RANGE_LOOP_ANALYSIS = YES;
				CLANG_WARN_STRICT_PROTOTYPES = YES;
				CLANG_WARN_SUSPICIOUS_MOVE = YES;
				CLANG_WARN_UNGUARDED_AVAILABILITY = YES_AGGRESSIVE;
				CLANG_WARN_UNREACHABLE_CODE = YES;
				CLANG_WARN__DUPLICATE_METHOD_MATCH = YES;
				COPY_PHASE_STRIP = NO;
				DEBUG_INFORMATION_FORMAT = dwarf;
				ENABLE_STRICT_OBJC_MSGSEND = YES;
				ENABLE_TESTABILITY = YES;
				GCC_C_LANGUAGE_STANDARD = gnu11;
				GCC_DYNAMIC_NO_PIC = NO;
				GCC_NO_COMMON_BLOCKS = YES;
				GCC_OPTIMIZATION_LEVEL = 0;
				GCC_PREPROCESSOR_DEFINITIONS = (
					"DEBUG=1",
					"$(inherited)",
				);
				GCC_WARN_64_TO_32_BIT_CONVERSION = YES;
				GCC_WARN_ABOUT_RETURN_TYPE = YES_ERROR;
				GCC_WARN_UNDECLARED_SELECTOR = YES;
				GCC_WARN_UNINITIALIZED_AUTOS = YES_AGGRESSIVE;
				GCC_WARN_UNUSED_FUNCTION = YES;
				GCC_WARN_UNUSED_VARIABLE = YES;
				IPHONEOS_DEPLOYMENT_TARGET = 13.2;
				MTL_ENABLE_DEBUG_INFO = INCLUDE_SOURCE;
				MTL_FAST_MATH = YES;
				ONLY_ACTIVE_ARCH = YES;
				SDKROOT = iphoneos;
				SWIFT_ACTIVE_COMPILATION_CONDITIONS = DEBUG;
				SWIFT_OPTIMIZATION_LEVEL = "-Onone";
			};
			name = Debug;
		};
		3884B183240721BC008BDD32 /* Release */ = {
			isa = XCBuildConfiguration;
			buildSettings = {
				ALWAYS_SEARCH_USER_PATHS = NO;
				CLANG_ANALYZER_NONNULL = YES;
				CLANG_ANALYZER_NUMBER_OBJECT_CONVERSION = YES_AGGRESSIVE;
				CLANG_CXX_LANGUAGE_STANDARD = "gnu++14";
				CLANG_CXX_LIBRARY = "libc++";
				CLANG_ENABLE_MODULES = YES;
				CLANG_ENABLE_OBJC_ARC = YES;
				CLANG_ENABLE_OBJC_WEAK = YES;
				CLANG_WARN_BLOCK_CAPTURE_AUTORELEASING = YES;
				CLANG_WARN_BOOL_CONVERSION = YES;
				CLANG_WARN_COMMA = YES;
				CLANG_WARN_CONSTANT_CONVERSION = YES;
				CLANG_WARN_DEPRECATED_OBJC_IMPLEMENTATIONS = YES;
				CLANG_WARN_DIRECT_OBJC_ISA_USAGE = YES_ERROR;
				CLANG_WARN_DOCUMENTATION_COMMENTS = YES;
				CLANG_WARN_EMPTY_BODY = YES;
				CLANG_WARN_ENUM_CONVERSION = YES;
				CLANG_WARN_INFINITE_RECURSION = YES;
				CLANG_WARN_INT_CONVERSION = YES;
				CLANG_WARN_NON_LITERAL_NULL_CONVERSION = YES;
				CLANG_WARN_OBJC_IMPLICIT_RETAIN_SELF = YES;
				CLANG_WARN_OBJC_LITERAL_CONVERSION = YES;
				CLANG_WARN_OBJC_ROOT_CLASS = YES_ERROR;
				CLANG_WARN_RANGE_LOOP_ANALYSIS = YES;
				CLANG_WARN_STRICT_PROTOTYPES = YES;
				CLANG_WARN_SUSPICIOUS_MOVE = YES;
				CLANG_WARN_UNGUARDED_AVAILABILITY = YES_AGGRESSIVE;
				CLANG_WARN_UNREACHABLE_CODE = YES;
				CLANG_WARN__DUPLICATE_METHOD_MATCH = YES;
				COPY_PHASE_STRIP = NO;
				DEBUG_INFORMATION_FORMAT = "dwarf-with-dsym";
				ENABLE_NS_ASSERTIONS = NO;
				ENABLE_STRICT_OBJC_MSGSEND = YES;
				GCC_C_LANGUAGE_STANDARD = gnu11;
				GCC_NO_COMMON_BLOCKS = YES;
				GCC_WARN_64_TO_32_BIT_CONVERSION = YES;
				GCC_WARN_ABOUT_RETURN_TYPE = YES_ERROR;
				GCC_WARN_UNDECLARED_SELECTOR = YES;
				GCC_WARN_UNINITIALIZED_AUTOS = YES_AGGRESSIVE;
				GCC_WARN_UNUSED_FUNCTION = YES;
				GCC_WARN_UNUSED_VARIABLE = YES;
				IPHONEOS_DEPLOYMENT_TARGET = 13.2;
				MTL_ENABLE_DEBUG_INFO = NO;
				MTL_FAST_MATH = YES;
				SDKROOT = iphoneos;
				SWIFT_COMPILATION_MODE = wholemodule;
				SWIFT_OPTIMIZATION_LEVEL = "-O";
				VALIDATE_PRODUCT = YES;
			};
			name = Release;
		};
		3884B185240721BC008BDD32 /* Debug */ = {
			isa = XCBuildConfiguration;
			baseConfigurationReference = 342456B6B237F9591AE1C847 /* Pods-WatchThis.debug.xcconfig */;
			buildSettings = {
				ASSETCATALOG_COMPILER_APPICON_NAME = AppIcon;
				CODE_SIGN_STYLE = Automatic;
				DEVELOPMENT_TEAM = 6WA6Y7KBQJ;
				INFOPLIST_FILE = WatchThis/Info.plist;
				LD_RUNPATH_SEARCH_PATHS = (
					"$(inherited)",
					"@executable_path/Frameworks",
				);
				PRODUCT_BUNDLE_IDENTIFIER = com.techknowns.WatchThis;
				PRODUCT_NAME = "$(TARGET_NAME)";
				SWIFT_VERSION = 5.0;
				TARGETED_DEVICE_FAMILY = "1,2";
			};
			name = Debug;
		};
		3884B186240721BC008BDD32 /* Release */ = {
			isa = XCBuildConfiguration;
			baseConfigurationReference = 3030BFD225E960F9A678AE39 /* Pods-WatchThis.release.xcconfig */;
			buildSettings = {
				ASSETCATALOG_COMPILER_APPICON_NAME = AppIcon;
				CODE_SIGN_STYLE = Automatic;
				DEVELOPMENT_TEAM = 6WA6Y7KBQJ;
				INFOPLIST_FILE = WatchThis/Info.plist;
				LD_RUNPATH_SEARCH_PATHS = (
					"$(inherited)",
					"@executable_path/Frameworks",
				);
				PRODUCT_BUNDLE_IDENTIFIER = com.techknowns.WatchThis;
				PRODUCT_NAME = "$(TARGET_NAME)";
				SWIFT_VERSION = 5.0;
				TARGETED_DEVICE_FAMILY = "1,2";
			};
			name = Release;
		};
/* End XCBuildConfiguration section */

/* Begin XCConfigurationList section */
		3884B16B240721BA008BDD32 /* Build configuration list for PBXProject "WatchThis" */ = {
			isa = XCConfigurationList;
			buildConfigurations = (
				3884B182240721BC008BDD32 /* Debug */,
				3884B183240721BC008BDD32 /* Release */,
			);
			defaultConfigurationIsVisible = 0;
			defaultConfigurationName = Release;
		};
		3884B184240721BC008BDD32 /* Build configuration list for PBXNativeTarget "WatchThis" */ = {
			isa = XCConfigurationList;
			buildConfigurations = (
				3884B185240721BC008BDD32 /* Debug */,
				3884B186240721BC008BDD32 /* Release */,
			);
			defaultConfigurationIsVisible = 0;
			defaultConfigurationName = Release;
		};
/* End XCConfigurationList section */
	};
	rootObject = 3884B168240721BA008BDD32 /* Project object */;
}
